// !$*UTF8*$!
{
	archiveVersion = 1;
	classes = {
	};
	objectVersion = 46;
	objects = {

/* Begin PBXBuildFile section */
		E7AF02B21E5BEB3B000B477A /* main.m in Sources */ = {isa = PBXBuildFile; fileRef = E7AF02B11E5BEB3B000B477A /* main.m */; };
		E7AF02B51E5BEB3B000B477A /* AppDelegate.m in Sources */ = {isa = PBXBuildFile; fileRef = E7AF02B41E5BEB3B000B477A /* AppDelegate.m */; };
		E7AF02B81E5BEB3C000B477A /* ViewController.m in Sources */ = {isa = PBXBuildFile; fileRef = E7AF02B71E5BEB3C000B477A /* ViewController.m */; };
		E7AF02BB1E5BEB3C000B477A /* Main.storyboard in Resources */ = {isa = PBXBuildFile; fileRef = E7AF02B91E5BEB3C000B477A /* Main.storyboard */; };
		E7AF02BD1E5BEB3C000B477A /* Assets.xcassets in Resources */ = {isa = PBXBuildFile; fileRef = E7AF02BC1E5BEB3C000B477A /* Assets.xcassets */; };
		E7AF02C01E5BEB3C000B477A /* LaunchScreen.storyboard in Resources */ = {isa = PBXBuildFile; fileRef = E7AF02BE1E5BEB3C000B477A /* LaunchScreen.storyboard */; };
		E7AF02CB1E5BEB3C000B477A /* Block_____Tests.m in Sources */ = {isa = PBXBuildFile; fileRef = E7AF02CA1E5BEB3C000B477A /* Block_____Tests.m */; };
		E7AF02D61E5BEB3C000B477A /* Block_____UITests.m in Sources */ = {isa = PBXBuildFile; fileRef = E7AF02D51E5BEB3C000B477A /* Block_____UITests.m */; };
/* End PBXBuildFile section */

/* Begin PBXContainerItemProxy section */
		E7AF02C71E5BEB3C000B477A /* PBXContainerItemProxy */ = {
			isa = PBXContainerItemProxy;
			containerPortal = E7AF02A51E5BEB3B000B477A /* Project object */;
			proxyType = 1;
			remoteGlobalIDString = E7AF02AC1E5BEB3B000B477A;
			remoteInfo = "Block方法返回值";
		};
		E7AF02D21E5BEB3C000B477A /* PBXContainerItemProxy */ = {
			isa = PBXContainerItemProxy;
			containerPortal = E7AF02A51E5BEB3B000B477A /* Project object */;
			proxyType = 1;
			remoteGlobalIDString = E7AF02AC1E5BEB3B000B477A;
			remoteInfo = "Block方法返回值";
		};
/* End PBXContainerItemProxy section */

/* Begin PBXFileReference section */
		E7AF02AD1E5BEB3B000B477A /* Block方法返回值.app */ = {isa = PBXFileReference; explicitFileType = wrapper.application; includeInIndex = 0; path = "Block方法返回值.app"; sourceTree = BUILT_PRODUCTS_DIR; };
		E7AF02B11E5BEB3B000B477A /* main.m */ = {isa = PBXFileReference; lastKnownFileType = sourcecode.c.objc; path = main.m; sourceTree = "<group>"; };
		E7AF02B31E5BEB3B000B477A /* AppDelegate.h */ = {isa = PBXFileReference; lastKnownFileType = sourcecode.c.h; path = AppDelegate.h; sourceTree = "<group>"; };
		E7AF02B41E5BEB3B000B477A /* AppDelegate.m */ = {isa = PBXFileReference; lastKnownFileType = sourcecode.c.objc; path = AppDelegate.m; sourceTree = "<group>"; };
		E7AF02B61E5BEB3B000B477A /* ViewController.h */ = {isa = PBXFileReference; lastKnownFileType = sourcecode.c.h; path = ViewController.h; sourceTree = "<group>"; };
		E7AF02B71E5BEB3C000B477A /* ViewController.m */ = {isa = PBXFileReference; lastKnownFileType = sourcecode.c.objc; path = ViewController.m; sourceTree = "<group>"; };
		E7AF02BA1E5BEB3C000B477A /* Base */ = {isa = PBXFileReference; lastKnownFileType = file.storyboard; name = Base; path = Base.lproj/Main.storyboard; sourceTree = "<group>"; };
		E7AF02BC1E5BEB3C000B477A /* Assets.xcassets */ = {isa = PBXFileReference; lastKnownFileType = folder.assetcatalog; path = Assets.xcassets; sourceTree = "<group>"; };
		E7AF02BF1E5BEB3C000B477A /* Base */ = {isa = PBXFileReference; lastKnownFileType = file.storyboard; name = Base; path = Base.lproj/LaunchScreen.storyboard; sourceTree = "<group>"; };
		E7AF02C11E5BEB3C000B477A /* Info.plist */ = {isa = PBXFileReference; lastKnownFileType = text.plist.xml; path = Info.plist; sourceTree = "<group>"; };
		E7AF02C61E5BEB3C000B477A /* Block方法返回值Tests.xctest */ = {isa = PBXFileReference; explicitFileType = wrapper.cfbundle; includeInIndex = 0; path = "Block方法返回值Tests.xctest"; sourceTree = BUILT_PRODUCTS_DIR; };
		E7AF02CA1E5BEB3C000B477A /* Block_____Tests.m */ = {isa = PBXFileReference; lastKnownFileType = sourcecode.c.objc; path = "Block_____Tests.m"; sourceTree = "<group>"; };
		E7AF02CC1E5BEB3C000B477A /* Info.plist */ = {isa = PBXFileReference; lastKnownFileType = text.plist.xml; path = Info.plist; sourceTree = "<group>"; };
		E7AF02D11E5BEB3C000B477A /* Block方法返回值UITests.xctest */ = {isa = PBXFileReference; explicitFileType = wrapper.cfbundle; includeInIndex = 0; path = "Block方法返回值UITests.xctest"; sourceTree = BUILT_PRODUCTS_DIR; };
		E7AF02D51E5BEB3C000B477A /* Block_____UITests.m */ = {isa = PBXFileReference; lastKnownFileType = sourcecode.c.objc; path = "Block_____UITests.m"; sourceTree = "<group>"; };
		E7AF02D71E5BEB3C000B477A /* Info.plist */ = {isa = PBXFileReference; lastKnownFileType = text.plist.xml; path = Info.plist; sourceTree = "<group>"; };
/* End PBXFileReference section */

/* Begin PBXFrameworksBuildPhase section */
		E7AF02AA1E5BEB3B000B477A /* Frameworks */ = {
			isa = PBXFrameworksBuildPhase;
			buildActionMask = 2147483647;
			files = (
			);
			runOnlyForDeploymentPostprocessing = 0;
		};
		E7AF02C31E5BEB3C000B477A /* Frameworks */ = {
			isa = PBXFrameworksBuildPhase;
			buildActionMask = 2147483647;
			files = (
			);
			runOnlyForDeploymentPostprocessing = 0;
		};
		E7AF02CE1E5BEB3C000B477A /* Frameworks */ = {
			isa = PBXFrameworksBuildPhase;
			buildActionMask = 2147483647;
			files = (
			);
			runOnlyForDeploymentPostprocessing = 0;
		};
/* End PBXFrameworksBuildPhase section */

/* Begin PBXGroup section */
		E7AF02A41E5BEB3B000B477A = {
			isa = PBXGroup;
			children = (
				E7AF02AF1E5BEB3B000B477A /* Block方法返回值 */,
				E7AF02C91E5BEB3C000B477A /* Block方法返回值Tests */,
				E7AF02D41E5BEB3C000B477A /* Block方法返回值UITests */,
				E7AF02AE1E5BEB3B000B477A /* Products */,
			);
			sourceTree = "<group>";
		};
		E7AF02AE1E5BEB3B000B477A /* Products */ = {
			isa = PBXGroup;
			children = (
				E7AF02AD1E5BEB3B000B477A /* Block方法返回值.app */,
				E7AF02C61E5BEB3C000B477A /* Block方法返回值Tests.xctest */,
				E7AF02D11E5BEB3C000B477A /* Block方法返回值UITests.xctest */,
			);
			name = Products;
			sourceTree = "<group>";
		};
		E7AF02AF1E5BEB3B000B477A /* Block方法返回值 */ = {
			isa = PBXGroup;
			children = (
				E7AF02B31E5BEB3B000B477A /* AppDelegate.h */,
				E7AF02B41E5BEB3B000B477A /* AppDelegate.m */,
				E7AF02B61E5BEB3B000B477A /* ViewController.h */,
				E7AF02B71E5BEB3C000B477A /* ViewController.m */,
				E7AF02B91E5BEB3C000B477A /* Main.storyboard */,
				E7AF02BC1E5BEB3C000B477A /* Assets.xcassets */,
				E7AF02BE1E5BEB3C000B477A /* LaunchScreen.storyboard */,
				E7AF02C11E5BEB3C000B477A /* Info.plist */,
				E7AF02B01E5BEB3B000B477A /* Supporting Files */,
			);
			path = "Block方法返回值";
			sourceTree = "<group>";
		};
		E7AF02B01E5BEB3B000B477A /* Supporting Files */ = {
			isa = PBXGroup;
			children = (
				E7AF02B11E5BEB3B000B477A /* main.m */,
			);
			name = "Supporting Files";
			sourceTree = "<group>";
		};
		E7AF02C91E5BEB3C000B477A /* Block方法返回值Tests */ = {
			isa = PBXGroup;
			children = (
				E7AF02CA1E5BEB3C000B477A /* Block_____Tests.m */,
				E7AF02CC1E5BEB3C000B477A /* Info.plist */,
			);
			path = "Block方法返回值Tests";
			sourceTree = "<group>";
		};
		E7AF02D41E5BEB3C000B477A /* Block方法返回值UITests */ = {
			isa = PBXGroup;
			children = (
				E7AF02D51E5BEB3C000B477A /* Block_____UITests.m */,
				E7AF02D71E5BEB3C000B477A /* Info.plist */,
			);
			path = "Block方法返回值UITests";
			sourceTree = "<group>";
		};
/* End PBXGroup section */

/* Begin PBXNativeTarget section */
		E7AF02AC1E5BEB3B000B477A /* Block方法返回值 */ = {
			isa = PBXNativeTarget;
			buildConfigurationList = E7AF02DA1E5BEB3C000B477A /* Build configuration list for PBXNativeTarget "Block方法返回值" */;
			buildPhases = (
				E7AF02A91E5BEB3B000B477A /* Sources */,
				E7AF02AA1E5BEB3B000B477A /* Frameworks */,
				E7AF02AB1E5BEB3B000B477A /* Resources */,
			);
			buildRules = (
			);
			dependencies = (
			);
			name = "Block方法返回值";
			productName = "Block方法返回值";
			productReference = E7AF02AD1E5BEB3B000B477A /* Block方法返回值.app */;
			productType = "com.apple.product-type.application";
		};
		E7AF02C51E5BEB3C000B477A /* Block方法返回值Tests */ = {
			isa = PBXNativeTarget;
			buildConfigurationList = E7AF02DD1E5BEB3C000B477A /* Build configuration list for PBXNativeTarget "Block方法返回值Tests" */;
			buildPhases = (
				E7AF02C21E5BEB3C000B477A /* Sources */,
				E7AF02C31E5BEB3C000B477A /* Frameworks */,
				E7AF02C41E5BEB3C000B477A /* Resources */,
			);
			buildRules = (
			);
			dependencies = (
				E7AF02C81E5BEB3C000B477A /* PBXTargetDependency */,
			);
			name = "Block方法返回值Tests";
			productName = "Block方法返回值Tests";
			productReference = E7AF02C61E5BEB3C000B477A /* Block方法返回值Tests.xctest */;
			productType = "com.apple.product-type.bundle.unit-test";
		};
		E7AF02D01E5BEB3C000B477A /* Block方法返回值UITests */ = {
			isa = PBXNativeTarget;
			buildConfigurationList = E7AF02E01E5BEB3C000B477A /* Build configuration list for PBXNativeTarget "Block方法返回值UITests" */;
			buildPhases = (
				E7AF02CD1E5BEB3C000B477A /* Sources */,
				E7AF02CE1E5BEB3C000B477A /* Frameworks */,
				E7AF02CF1E5BEB3C000B477A /* Resources */,
			);
			buildRules = (
			);
			dependencies = (
				E7AF02D31E5BEB3C000B477A /* PBXTargetDependency */,
			);
			name = "Block方法返回值UITests";
			productName = "Block方法返回值UITests";
			productReference = E7AF02D11E5BEB3C000B477A /* Block方法返回值UITests.xctest */;
			productType = "com.apple.product-type.bundle.ui-testing";
		};
/* End PBXNativeTarget section */

/* Begin PBXProject section */
		E7AF02A51E5BEB3B000B477A /* Project object */ = {
			isa = PBXProject;
			attributes = {
				LastUpgradeCheck = 0820;
				ORGANIZATIONNAME = csip;
				TargetAttributes = {
					E7AF02AC1E5BEB3B000B477A = {
						CreatedOnToolsVersion = 8.2.1;
						DevelopmentTeam = 936GX39CBK;
						ProvisioningStyle = Automatic;
					};
					E7AF02C51E5BEB3C000B477A = {
						CreatedOnToolsVersion = 8.2.1;
						DevelopmentTeam = 936GX39CBK;
						ProvisioningStyle = Automatic;
						TestTargetID = E7AF02AC1E5BEB3B000B477A;
					};
					E7AF02D01E5BEB3C000B477A = {
						CreatedOnToolsVersion = 8.2.1;
						DevelopmentTeam = 936GX39CBK;
						ProvisioningStyle = Automatic;
						TestTargetID = E7AF02AC1E5BEB3B000B477A;
					};
				};
			};
			buildConfigurationList = E7AF02A81E5BEB3B000B477A /* Build configuration list for PBXProject "Block方法返回值" */;
			compatibilityVersion = "Xcode 3.2";
			developmentRegion = English;
			hasScannedForEncodings = 0;
			knownRegions = (
				en,
				Base,
			);
			mainGroup = E7AF02A41E5BEB3B000B477A;
			productRefGroup = E7AF02AE1E5BEB3B000B477A /* Products */;
			projectDirPath = "";
			projectRoot = "";
			targets = (
				E7AF02AC1E5BEB3B000B477A /* Block方法返回值 */,
				E7AF02C51E5BEB3C000B477A /* Block方法返回值Tests */,
				E7AF02D01E5BEB3C000B477A /* Block方法返回值UITests */,
			);
		};
/* End PBXProject section */

/* Begin PBXResourcesBuildPhase section */
		E7AF02AB1E5BEB3B000B477A /* Resources */ = {
			isa = PBXResourcesBuildPhase;
			buildActionMask = 2147483647;
			files = (
				E7AF02C01E5BEB3C000B477A /* LaunchScreen.storyboard in Resources */,
				E7AF02BD1E5BEB3C000B477A /* Assets.xcassets in Resources */,
				E7AF02BB1E5BEB3C000B477A /* Main.storyboard in Resources */,
			);
			runOnlyForDeploymentPostprocessing = 0;
		};
		E7AF02C41E5BEB3C000B477A /* Resources */ = {
			isa = PBXResourcesBuildPhase;
			buildActionMask = 2147483647;
			files = (
			);
			runOnlyForDeploymentPostprocessing = 0;
		};
		E7AF02CF1E5BEB3C000B477A /* Resources */ = {
			isa = PBXResourcesBuildPhase;
			buildActionMask = 2147483647;
			files = (
			);
			runOnlyForDeploymentPostprocessing = 0;
		};
/* End PBXResourcesBuildPhase section */

/* Begin PBXSourcesBuildPhase section */
		E7AF02A91E5BEB3B000B477A /* Sources */ = {
			isa = PBXSourcesBuildPhase;
			buildActionMask = 2147483647;
			files = (
				E7AF02B81E5BEB3C000B477A /* ViewController.m in Sources */,
				E7AF02B51E5BEB3B000B477A /* AppDelegate.m in Sources */,
				E7AF02B21E5BEB3B000B477A /* main.m in Sources */,
			);
			runOnlyForDeploymentPostprocessing = 0;
		};
		E7AF02C21E5BEB3C000B477A /* Sources */ = {
			isa = PBXSourcesBuildPhase;
			buildActionMask = 2147483647;
			files = (
				E7AF02CB1E5BEB3C000B477A /* Block_____Tests.m in Sources */,
			);
			runOnlyForDeploymentPostprocessing = 0;
		};
		E7AF02CD1E5BEB3C000B477A /* Sources */ = {
			isa = PBXSourcesBuildPhase;
			buildActionMask = 2147483647;
			files = (
				E7AF02D61E5BEB3C000B477A /* Block_____UITests.m in Sources */,
			);
			runOnlyForDeploymentPostprocessing = 0;
		};
/* End PBXSourcesBuildPhase section */

/* Begin PBXTargetDependency section */
		E7AF02C81E5BEB3C000B477A /* PBXTargetDependency */ = {
			isa = PBXTargetDependency;
			target = E7AF02AC1E5BEB3B000B477A /* Block方法返回值 */;
			targetProxy = E7AF02C71E5BEB3C000B477A /* PBXContainerItemProxy */;
		};
		E7AF02D31E5BEB3C000B477A /* PBXTargetDependency */ = {
			isa = PBXTargetDependency;
			target = E7AF02AC1E5BEB3B000B477A /* Block方法返回值 */;
			targetProxy = E7AF02D21E5BEB3C000B477A /* PBXContainerItemProxy */;
		};
/* End PBXTargetDependency section */

/* Begin PBXVariantGroup section */
		E7AF02B91E5BEB3C000B477A /* Main.storyboard */ = {
			isa = PBXVariantGroup;
			children = (
				E7AF02BA1E5BEB3C000B477A /* Base */,
			);
			name = Main.storyboard;
			sourceTree = "<group>";
		};
		E7AF02BE1E5BEB3C000B477A /* LaunchScreen.storyboard */ = {
			isa = PBXVariantGroup;
			children = (
				E7AF02BF1E5BEB3C000B477A /* Base */,
			);
			name = LaunchScreen.storyboard;
			sourceTree = "<group>";
		};
/* End PBXVariantGroup section */

/* Begin XCBuildConfiguration section */
		E7AF02D81E5BEB3C000B477A /* Debug */ = {
			isa = XCBuildConfiguration;
			buildSettings = {
				ALWAYS_SEARCH_USER_PATHS = NO;
				CLANG_ANALYZER_NONNULL = YES;
				CLANG_CXX_LANGUAGE_STANDARD = "gnu++0x";
				CLANG_CXX_LIBRARY = "libc++";
				CLANG_ENABLE_MODULES = YES;
				CLANG_ENABLE_OBJC_ARC = YES;
				CLANG_WARN_BOOL_CONVERSION = YES;
				CLANG_WARN_CONSTANT_CONVERSION = YES;
				CLANG_WARN_DIRECT_OBJC_ISA_USAGE = YES_ERROR;
				CLANG_WARN_DOCUMENTATION_COMMENTS = YES;
				CLANG_WARN_EMPTY_BODY = YES;
				CLANG_WARN_ENUM_CONVERSION = YES;
				CLANG_WARN_INFINITE_RECURSION = YES;
				CLANG_WARN_INT_CONVERSION = YES;
				CLANG_WARN_OBJC_ROOT_CLASS = YES_ERROR;
				CLANG_WARN_SUSPICIOUS_MOVE = YES;
				CLANG_WARN_UNREACHABLE_CODE = YES;
				CLANG_WARN__DUPLICATE_METHOD_MATCH = YES;
				"CODE_SIGN_IDENTITY[sdk=iphoneos*]" = "iPhone Developer";
				COPY_PHASE_STRIP = NO;
				DEBUG_INFORMATION_FORMAT = dwarf;
				ENABLE_STRICT_OBJC_MSGSEND = YES;
				ENABLE_TESTABILITY = YES;
				GCC_C_LANGUAGE_STANDARD = gnu99;
				GCC_DYNAMIC_NO_PIC = NO;
				GCC_NO_COMMON_BLOCKS = YES;
				GCC_OPTIMIZATION_LEVEL = 0;
				GCC_PREPROCESSOR_DEFINITIONS = (
					"DEBUG=1",
					"$(inherited)",
				);
				GCC_WARN_64_TO_32_BIT_CONVERSION = YES;
				GCC_WARN_ABOUT_RETURN_TYPE = YES_ERROR;
				GCC_WARN_UNDECLARED_SELECTOR = YES;
				GCC_WARN_UNINITIALIZED_AUTOS = YES_AGGRESSIVE;
				GCC_WARN_UNUSED_FUNCTION = YES;
				GCC_WARN_UNUSED_VARIABLE = YES;
				IPHONEOS_DEPLOYMENT_TARGET = 10.2;
				MTL_ENABLE_DEBUG_INFO = YES;
				ONLY_ACTIVE_ARCH = YES;
				SDKROOT = iphoneos;
			};
			name = Debug;
		};
		E7AF02D91E5BEB3C000B477A /* Release */ = {
			isa = XCBuildConfiguration;
			buildSettings = {
				ALWAYS_SEARCH_USER_PATHS = NO;
				CLANG_ANALYZER_NONNULL = YES;
				CLANG_CXX_LANGUAGE_STANDARD = "gnu++0x";
				CLANG_CXX_LIBRARY = "libc++";
				CLANG_ENABLE_MODULES = YES;
				CLANG_ENABLE_OBJC_ARC = YES;
				CLANG_WARN_BOOL_CONVERSION = YES;
				CLANG_WARN_CONSTANT_CONVERSION = YES;
				CLANG_WARN_DIRECT_OBJC_ISA_USAGE = YES_ERROR;
				CLANG_WARN_DOCUMENTATION_COMMENTS = YES;
				CLANG_WARN_EMPTY_BODY = YES;
				CLANG_WARN_ENUM_CONVERSION = YES;
				CLANG_WARN_INFINITE_RECURSION = YES;
				CLANG_WARN_INT_CONVERSION = YES;
				CLANG_WARN_OBJC_ROOT_CLASS = YES_ERROR;
				CLANG_WARN_SUSPICIOUS_MOVE = YES;
				CLANG_WARN_UNREACHABLE_CODE = YES;
				CLANG_WARN__DUPLICATE_METHOD_MATCH = YES;
				"CODE_SIGN_IDENTITY[sdk=iphoneos*]" = "iPhone Developer";
				COPY_PHASE_STRIP = NO;
				DEBUG_INFORMATION_FORMAT = "dwarf-with-dsym";
				ENABLE_NS_ASSERTIONS = NO;
				ENABLE_STRICT_OBJC_MSGSEND = YES;
				GCC_C_LANGUAGE_STANDARD = gnu99;
				GCC_NO_COMMON_BLOCKS = YES;
				GCC_WARN_64_TO_32_BIT_CONVERSION = YES;
				GCC_WARN_ABOUT_RETURN_TYPE = YES_ERROR;
				GCC_WARN_UNDECLARED_SELECTOR = YES;
				GCC_WARN_UNINITIALIZED_AUTOS = YES_AGGRESSIVE;
				GCC_WARN_UNUSED_FUNCTION = YES;
				GCC_WARN_UNUSED_VARIABLE = YES;
				IPHONEOS_DEPLOYMENT_TARGET = 10.2;
				MTL_ENABLE_DEBUG_INFO = NO;
				SDKROOT = iphoneos;
				VALIDATE_PRODUCT = YES;
			};
			name = Release;
		};
		E7AF02DB1E5BEB3C000B477A /* Debug */ = {
			isa = XCBuildConfiguration;
			buildSettings = {
				ASSETCATALOG_COMPILER_APPICON_NAME = AppIcon;
				DEVELOPMENT_TEAM = 936GX39CBK;
				INFOPLIST_FILE = "Block方法返回值/Info.plist";
				LD_RUNPATH_SEARCH_PATHS = "$(inherited) @executable_path/Frameworks";
				PRODUCT_BUNDLE_IDENTIFIER = "com.JSQ.Block-----";
				PRODUCT_NAME = "$(TARGET_NAME)";
			};
			name = Debug;
		};
		E7AF02DC1E5BEB3C000B477A /* Release */ = {
			isa = XCBuildConfiguration;
			buildSettings = {
				ASSETCATALOG_COMPILER_APPICON_NAME = AppIcon;
				DEVELOPMENT_TEAM = 936GX39CBK;
				INFOPLIST_FILE = "Block方法返回值/Info.plist";
				LD_RUNPATH_SEARCH_PATHS = "$(inherited) @executable_path/Frameworks";
				PRODUCT_BUNDLE_IDENTIFIER = "com.JSQ.Block-----";
				PRODUCT_NAME = "$(TARGET_NAME)";
			};
			name = Release;
		};
		E7AF02DE1E5BEB3C000B477A /* Debug */ = {
			isa = XCBuildConfiguration;
			buildSettings = {
				BUNDLE_LOADER = "$(TEST_HOST)";
				DEVELOPMENT_TEAM = 936GX39CBK;
				INFOPLIST_FILE = "Block方法返回值Tests/Info.plist";
				LD_RUNPATH_SEARCH_PATHS = "$(inherited) @executable_path/Frameworks @loader_path/Frameworks";
				PRODUCT_BUNDLE_IDENTIFIER = "com.JSQ.Block-----Tests";
				PRODUCT_NAME = "$(TARGET_NAME)";
				TEST_HOST = "$(BUILT_PRODUCTS_DIR)/Block方法返回值.app/Block方法返回值";
			};
			name = Debug;
		};
		E7AF02DF1E5BEB3C000B477A /* Release */ = {
			isa = XCBuildConfiguration;
			buildSettings = {
				BUNDLE_LOADER = "$(TEST_HOST)";
				DEVELOPMENT_TEAM = 936GX39CBK;
				INFOPLIST_FILE = "Block方法返回值Tests/Info.plist";
				LD_RUNPATH_SEARCH_PATHS = "$(inherited) @executable_path/Frameworks @loader_path/Frameworks";
				PRODUCT_BUNDLE_IDENTIFIER = "com.JSQ.Block-----Tests";
				PRODUCT_NAME = "$(TARGET_NAME)";
				TEST_HOST = "$(BUILT_PRODUCTS_DIR)/Block方法返回值.app/Block方法返回值";
			};
			name = Release;
		};
		E7AF02E11E5BEB3C000B477A /* Debug */ = {
			isa = XCBuildConfiguration;
			buildSettings = {
				DEVELOPMENT_TEAM = 936GX39CBK;
				INFOPLIST_FILE = "Block方法返回值UITests/Info.plist";
				LD_RUNPATH_SEARCH_PATHS = "$(inherited) @executable_path/Frameworks @loader_path/Frameworks";
				PRODUCT_BUNDLE_IDENTIFIER = "com.JSQ.Block-----UITests";
				PRODUCT_NAME = "$(TARGET_NAME)";
				TEST_TARGET_NAME = "Block方法返回值";
			};
			name = Debug;
		};
		E7AF02E21E5BEB3C000B477A /* Release */ = {
			isa = XCBuildConfiguration;
			buildSettings = {
				DEVELOPMENT_TEAM = 936GX39CBK;
				INFOPLIST_FILE = "Block方法返回值UITests/Info.plist";
				LD_RUNPATH_SEARCH_PATHS = "$(inherited) @executable_path/Frameworks @loader_path/Frameworks";
				PRODUCT_BUNDLE_IDENTIFIER = "com.JSQ.Block-----UITests";
				PRODUCT_NAME = "$(TARGET_NAME)";
				TEST_TARGET_NAME = "Block方法返回值";
			};
			name = Release;
		};
/* End XCBuildConfiguration section */

/* Begin XCConfigurationList section */
		E7AF02A81E5BEB3B000B477A /* Build configuration list for PBXProject "Block方法返回值" */ = {
			isa = XCConfigurationList;
			buildConfigurations = (
				E7AF02D81E5BEB3C000B477A /* Debug */,
				E7AF02D91E5BEB3C000B477A /* Release */,
			);
			defaultConfigurationIsVisible = 0;
			defaultConfigurationName = Release;
		};
		E7AF02DA1E5BEB3C000B477A /* Build configuration list for PBXNativeTarget "Block方法返回值" */ = {
			isa = XCConfigurationList;
			buildConfigurations = (
				E7AF02DB1E5BEB3C000B477A /* Debug */,
				E7AF02DC1E5BEB3C000B477A /* Release */,
			);
			defaultConfigurationIsVisible = 0;
		};
		E7AF02DD1E5BEB3C000B477A /* Build configuration list for PBXNativeTarget "Block方法返回值Tests" */ = {
			isa = XCConfigurationList;
			buildConfigurations = (
				E7AF02DE1E5BEB3C000B477A /* Debug */,
				E7AF02DF1E5BEB3C000B477A /* Release */,
			);
			defaultConfigurationIsVisible = 0;
		};
		E7AF02E01E5BEB3C000B477A /* Build configuration list for PBXNativeTarget "Block方法返回值UITests" */ = {
			isa = XCConfigurationList;
			buildConfigurations = (
				E7AF02E11E5BEB3C000B477A /* Debug */,
				E7AF02E21E5BEB3C000B477A /* Release */,
			);
			defaultConfigurationIsVisible = 0;
		};
/* End XCConfigurationList section */
	};
	rootObject = E7AF02A51E5BEB3B000B477A /* Project object */;
}
